
Microsoft Visual Studio Solution File, Format Version 12.00
# Visual Studio 2012
Project("{FAE04EC0-301F-11D3-BF4B-00C04F79EFBC}") = "YodaSlackBot", "YodaSlackBot\YodaSlackBot.csproj", "{FDE01B8F-9B15-4280-AED3-EDD4CE896FDB}"
EndProject
Global
	GlobalSection(SolutionConfigurationPlatforms) = preSolution
		Debug|Any CPU = Debug|Any CPU
		Release|Any CPU = Release|Any CPU
	EndGlobalSection
	GlobalSection(ProjectConfigurationPlatforms) = postSolution
		{FDE01B8F-9B15-4280-AED3-EDD4CE896FDB}.Debug|Any CPU.ActiveCfg = Debug|Any CPU
		{FDE01B8F-9B15-4280-AED3-EDD4CE896FDB}.Debug|Any CPU.Build.0 = Debug|Any CPU
		{FDE01B8F-9B15-4280-AED3-EDD4CE896FDB}.Release|Any CPU.ActiveCfg = Release|Any CPU
		{FDE01B8F-9B15-4280-AED3-EDD4CE896FDB}.Release|Any CPU.Build.0 = Release|Any CPU
	EndGlobalSection
	GlobalSection(SolutionProperties) = preSolution
		HideSolutionNode = FALSE
	EndGlobalSection
EndGlobal
